
Microsoft Visual Studio Solution File, Format Version 12.00
# Visual Studio 2013
VisualStudioVersion = 12.0.31101.0
MinimumVisualStudioVersion = 10.0.40219.1
Project("{8BC9CEB8-8B4A-11D0-8D11-00A0C91BC942}") = "01.SynchronizeThreads3", "SynchronizeThreads3\SynchronizeThreads3.vcxproj", "{CD7ED53A-A944-40F4-AD7B-9A04B55AFDD5}"
EndProject
Project("{8BC9CEB8-8B4A-11D0-8D11-00A0C91BC942}") = "02.Events", "Events\Events\Events.vcxproj", "{176C5E96-50A4-45B5-8588-344528934AD9}"
EndProject
Project("{8BC9CEB8-8B4A-11D0-8D11-00A0C91BC942}") = "03.WaitableTimer", "WaitableTimer\WaitableTimer\WaitableTimer.vcxproj", "{929BC333-94CC-447F-8019-4DEAA6AC663C}"
EndProject
Global
	GlobalSection(SolutionConfigurationPlatforms) = preSolution
		Debug|Win32 = Debug|Win32
		Release|Win32 = Release|Win32
	EndGlobalSection
	GlobalSection(ProjectConfigurationPlatforms) = postSolution
		{CD7ED53A-A944-40F4-AD7B-9A04B55AFDD5}.Debug|Win32.ActiveCfg = Debug|Win32
		{CD7ED53A-A944-40F4-AD7B-9A04B55AFDD5}.Debug|Win32.Build.0 = Debug|Win32
		{CD7ED53A-A944-40F4-AD7B-9A04B55AFDD5}.Release|Win32.ActiveCfg = Release|Win32
		{CD7ED53A-A944-40F4-AD7B-9A04B55AFDD5}.Release|Win32.Build.0 = Release|Win32
		{176C5E96-50A4-45B5-8588-344528934AD9}.Debug|Win32.ActiveCfg = Debug|Win32
		{176C5E96-50A4-45B5-8588-344528934AD9}.Debug|Win32.Build.0 = Debug|Win32
		{176C5E96-50A4-45B5-8588-344528934AD9}.Release|Win32.ActiveCfg = Release|Win32
		{176C5E96-50A4-45B5-8588-344528934AD9}.Release|Win32.Build.0 = Release|Win32
		{929BC333-94CC-447F-8019-4DEAA6AC663C}.Debug|Win32.ActiveCfg = Debug|Win32
		{929BC333-94CC-447F-8019-4DEAA6AC663C}.Debug|Win32.Build.0 = Debug|Win32
		{929BC333-94CC-447F-8019-4DEAA6AC663C}.Release|Win32.ActiveCfg = Release|Win32
		{929BC333-94CC-447F-8019-4DEAA6AC663C}.Release|Win32.Build.0 = Release|Win32
	EndGlobalSection
	GlobalSection(SolutionProperties) = preSolution
		HideSolutionNode = FALSE
	EndGlobalSection
EndGlobal
