
Microsoft Visual Studio Solution File, Format Version 12.00
# Visual Studio 14
VisualStudioVersion = 14.0.24720.0
MinimumVisualStudioVersion = 10.0.40219.1
Project("{8BC9CEB8-8B4A-11D0-8D11-00A0C91BC942}") = "Lesson15", "Lesson15\Lesson15.vcxproj", "{B8F4B862-4B52-4542-B219-7388B97683F9}"
EndProject
<<<<<<< HEAD
Project("{8BC9CEB8-8B4A-11D0-8D11-00A0C91BC942}") = "HelloWin32Again", "HelloWin32Again\HelloWin32Again.vcxproj", "{54EFC48B-7092-4A6B-A5FF-11C358FB03D8}"
EndProject
=======
>>>>>>> refs/remotes/origin/template
Global
	GlobalSection(SolutionConfigurationPlatforms) = preSolution
		Debug|x64 = Debug|x64
		Debug|x86 = Debug|x86
		Release|x64 = Release|x64
		Release|x86 = Release|x86
	EndGlobalSection
	GlobalSection(ProjectConfigurationPlatforms) = postSolution
		{B8F4B862-4B52-4542-B219-7388B97683F9}.Debug|x64.ActiveCfg = Debug|x64
		{B8F4B862-4B52-4542-B219-7388B97683F9}.Debug|x64.Build.0 = Debug|x64
		{B8F4B862-4B52-4542-B219-7388B97683F9}.Debug|x86.ActiveCfg = Debug|Win32
		{B8F4B862-4B52-4542-B219-7388B97683F9}.Debug|x86.Build.0 = Debug|Win32
		{B8F4B862-4B52-4542-B219-7388B97683F9}.Release|x64.ActiveCfg = Release|x64
		{B8F4B862-4B52-4542-B219-7388B97683F9}.Release|x64.Build.0 = Release|x64
		{B8F4B862-4B52-4542-B219-7388B97683F9}.Release|x86.ActiveCfg = Release|Win32
		{B8F4B862-4B52-4542-B219-7388B97683F9}.Release|x86.Build.0 = Release|Win32
<<<<<<< HEAD
		{54EFC48B-7092-4A6B-A5FF-11C358FB03D8}.Debug|x64.ActiveCfg = Debug|x64
		{54EFC48B-7092-4A6B-A5FF-11C358FB03D8}.Debug|x64.Build.0 = Debug|x64
		{54EFC48B-7092-4A6B-A5FF-11C358FB03D8}.Debug|x86.ActiveCfg = Debug|Win32
		{54EFC48B-7092-4A6B-A5FF-11C358FB03D8}.Debug|x86.Build.0 = Debug|Win32
		{54EFC48B-7092-4A6B-A5FF-11C358FB03D8}.Release|x64.ActiveCfg = Release|x64
		{54EFC48B-7092-4A6B-A5FF-11C358FB03D8}.Release|x64.Build.0 = Release|x64
		{54EFC48B-7092-4A6B-A5FF-11C358FB03D8}.Release|x86.ActiveCfg = Release|Win32
		{54EFC48B-7092-4A6B-A5FF-11C358FB03D8}.Release|x86.Build.0 = Release|Win32
=======
>>>>>>> refs/remotes/origin/template
	EndGlobalSection
	GlobalSection(SolutionProperties) = preSolution
		HideSolutionNode = FALSE
	EndGlobalSection
EndGlobal
