
Microsoft Visual Studio Solution File, Format Version 12.00
# Visual Studio 2013
VisualStudioVersion = 12.0.31101.0
MinimumVisualStudioVersion = 10.0.40219.1
Project("{8BC9CEB8-8B4A-11D0-8D11-00A0C91BC942}") = "01.SynchronizeThreads2", "01.SynchronizeThreads2\01.SynchronizeThreads2.vcxproj", "{D73DFFA2-A057-4072-B92F-AD8C6E87D535}"
EndProject
Project("{8BC9CEB8-8B4A-11D0-8D11-00A0C91BC942}") = "04.CodingThread", "Mutex\CodingThread\CodingThread\CodingThread.vcxproj", "{C0637342-809A-4089-A70E-C08016159DEE}"
EndProject
Project("{8BC9CEB8-8B4A-11D0-8D11-00A0C91BC942}") = "02.OnlyOneCopy", "OnlyOneCopy\OnlyOneCopy\OnlyOneCopy.vcxproj", "{F3B95501-8A78-4C83-B2B6-FD5EB18B740E}"
EndProject
Project("{8BC9CEB8-8B4A-11D0-8D11-00A0C91BC942}") = "03.ParentProcess", "Mutex\ParentProcess\ParentProcess\ParentProcess.vcxproj", "{5F8B86D6-9619-4DC6-8E8A-434707714787}"
	ProjectSection(ProjectDependencies) = postProject
		{D00B511D-958E-4138-B2C6-F295D51FAA7A} = {D00B511D-958E-4138-B2C6-F295D51FAA7A}
		{C0637342-809A-4089-A70E-C08016159DEE} = {C0637342-809A-4089-A70E-C08016159DEE}
	EndProjectSection
EndProject
Project("{8BC9CEB8-8B4A-11D0-8D11-00A0C91BC942}") = "05.DecodingThread", "Mutex\DecodingThread\DecodingThread\DecodingThread.vcxproj", "{D00B511D-958E-4138-B2C6-F295D51FAA7A}"
EndProject
Project("{8BC9CEB8-8B4A-11D0-8D11-00A0C91BC942}") = "06.Semaphore", "Semaphore\Semaphore\Semaphore.vcxproj", "{AB4D6E44-CD34-43D5-94D8-98E79F5E6D97}"
EndProject
Global
	GlobalSection(SolutionConfigurationPlatforms) = preSolution
		Debug|Any CPU = Debug|Any CPU
		Debug|Mixed Platforms = Debug|Mixed Platforms
		Debug|Win32 = Debug|Win32
		Debug|x64 = Debug|x64
		Debug|x86 = Debug|x86
		Release|Any CPU = Release|Any CPU
		Release|Mixed Platforms = Release|Mixed Platforms
		Release|Win32 = Release|Win32
		Release|x64 = Release|x64
		Release|x86 = Release|x86
	EndGlobalSection
	GlobalSection(ProjectConfigurationPlatforms) = postSolution
		{D73DFFA2-A057-4072-B92F-AD8C6E87D535}.Debug|Any CPU.ActiveCfg = Debug|Win32
		{D73DFFA2-A057-4072-B92F-AD8C6E87D535}.Debug|Mixed Platforms.ActiveCfg = Debug|Win32
		{D73DFFA2-A057-4072-B92F-AD8C6E87D535}.Debug|Mixed Platforms.Build.0 = Debug|Win32
		{D73DFFA2-A057-4072-B92F-AD8C6E87D535}.Debug|Win32.ActiveCfg = Debug|Win32
		{D73DFFA2-A057-4072-B92F-AD8C6E87D535}.Debug|Win32.Build.0 = Debug|Win32
		{D73DFFA2-A057-4072-B92F-AD8C6E87D535}.Debug|x64.ActiveCfg = Debug|x64
		{D73DFFA2-A057-4072-B92F-AD8C6E87D535}.Debug|x64.Build.0 = Debug|x64
		{D73DFFA2-A057-4072-B92F-AD8C6E87D535}.Debug|x86.ActiveCfg = Debug|Win32
		{D73DFFA2-A057-4072-B92F-AD8C6E87D535}.Debug|x86.Build.0 = Debug|Win32
		{D73DFFA2-A057-4072-B92F-AD8C6E87D535}.Release|Any CPU.ActiveCfg = Release|Win32
		{D73DFFA2-A057-4072-B92F-AD8C6E87D535}.Release|Mixed Platforms.ActiveCfg = Release|Win32
		{D73DFFA2-A057-4072-B92F-AD8C6E87D535}.Release|Mixed Platforms.Build.0 = Release|Win32
		{D73DFFA2-A057-4072-B92F-AD8C6E87D535}.Release|Win32.ActiveCfg = Release|Win32
		{D73DFFA2-A057-4072-B92F-AD8C6E87D535}.Release|Win32.Build.0 = Release|Win32
		{D73DFFA2-A057-4072-B92F-AD8C6E87D535}.Release|x64.ActiveCfg = Release|x64
		{D73DFFA2-A057-4072-B92F-AD8C6E87D535}.Release|x64.Build.0 = Release|x64
		{D73DFFA2-A057-4072-B92F-AD8C6E87D535}.Release|x86.ActiveCfg = Release|Win32
		{D73DFFA2-A057-4072-B92F-AD8C6E87D535}.Release|x86.Build.0 = Release|Win32
		{C0637342-809A-4089-A70E-C08016159DEE}.Debug|Any CPU.ActiveCfg = Debug|Win32
		{C0637342-809A-4089-A70E-C08016159DEE}.Debug|Mixed Platforms.ActiveCfg = Debug|Win32
		{C0637342-809A-4089-A70E-C08016159DEE}.Debug|Mixed Platforms.Build.0 = Debug|Win32
		{C0637342-809A-4089-A70E-C08016159DEE}.Debug|Win32.ActiveCfg = Debug|Win32
		{C0637342-809A-4089-A70E-C08016159DEE}.Debug|Win32.Build.0 = Debug|Win32
		{C0637342-809A-4089-A70E-C08016159DEE}.Debug|x64.ActiveCfg = Debug|Win32
		{C0637342-809A-4089-A70E-C08016159DEE}.Debug|x86.ActiveCfg = Debug|Win32
		{C0637342-809A-4089-A70E-C08016159DEE}.Debug|x86.Build.0 = Debug|Win32
		{C0637342-809A-4089-A70E-C08016159DEE}.Release|Any CPU.ActiveCfg = Release|Win32
		{C0637342-809A-4089-A70E-C08016159DEE}.Release|Mixed Platforms.ActiveCfg = Release|Win32
		{C0637342-809A-4089-A70E-C08016159DEE}.Release|Mixed Platforms.Build.0 = Release|Win32
		{C0637342-809A-4089-A70E-C08016159DEE}.Release|Win32.ActiveCfg = Release|Win32
		{C0637342-809A-4089-A70E-C08016159DEE}.Release|Win32.Build.0 = Release|Win32
		{C0637342-809A-4089-A70E-C08016159DEE}.Release|x64.ActiveCfg = Release|Win32
		{C0637342-809A-4089-A70E-C08016159DEE}.Release|x86.ActiveCfg = Release|Win32
		{C0637342-809A-4089-A70E-C08016159DEE}.Release|x86.Build.0 = Release|Win32
		{F3B95501-8A78-4C83-B2B6-FD5EB18B740E}.Debug|Any CPU.ActiveCfg = Debug|Win32
		{F3B95501-8A78-4C83-B2B6-FD5EB18B740E}.Debug|Mixed Platforms.ActiveCfg = Debug|Win32
		{F3B95501-8A78-4C83-B2B6-FD5EB18B740E}.Debug|Mixed Platforms.Build.0 = Debug|Win32
		{F3B95501-8A78-4C83-B2B6-FD5EB18B740E}.Debug|Win32.ActiveCfg = Debug|Win32
		{F3B95501-8A78-4C83-B2B6-FD5EB18B740E}.Debug|Win32.Build.0 = Debug|Win32
		{F3B95501-8A78-4C83-B2B6-FD5EB18B740E}.Debug|x64.ActiveCfg = Debug|Win32
		{F3B95501-8A78-4C83-B2B6-FD5EB18B740E}.Debug|x86.ActiveCfg = Debug|Win32
		{F3B95501-8A78-4C83-B2B6-FD5EB18B740E}.Debug|x86.Build.0 = Debug|Win32
		{F3B95501-8A78-4C83-B2B6-FD5EB18B740E}.Release|Any CPU.ActiveCfg = Release|Win32
		{F3B95501-8A78-4C83-B2B6-FD5EB18B740E}.Release|Mixed Platforms.ActiveCfg = Release|Win32
		{F3B95501-8A78-4C83-B2B6-FD5EB18B740E}.Release|Mixed Platforms.Build.0 = Release|Win32
		{F3B95501-8A78-4C83-B2B6-FD5EB18B740E}.Release|Win32.ActiveCfg = Release|Win32
		{F3B95501-8A78-4C83-B2B6-FD5EB18B740E}.Release|Win32.Build.0 = Release|Win32
		{F3B95501-8A78-4C83-B2B6-FD5EB18B740E}.Release|x64.ActiveCfg = Release|Win32
		{F3B95501-8A78-4C83-B2B6-FD5EB18B740E}.Release|x86.ActiveCfg = Release|Win32
		{F3B95501-8A78-4C83-B2B6-FD5EB18B740E}.Release|x86.Build.0 = Release|Win32
		{5F8B86D6-9619-4DC6-8E8A-434707714787}.Debug|Any CPU.ActiveCfg = Debug|Win32
		{5F8B86D6-9619-4DC6-8E8A-434707714787}.Debug|Mixed Platforms.ActiveCfg = Debug|Win32
		{5F8B86D6-9619-4DC6-8E8A-434707714787}.Debug|Mixed Platforms.Build.0 = Debug|Win32
		{5F8B86D6-9619-4DC6-8E8A-434707714787}.Debug|Win32.ActiveCfg = Debug|Win32
		{5F8B86D6-9619-4DC6-8E8A-434707714787}.Debug|Win32.Build.0 = Debug|Win32
		{5F8B86D6-9619-4DC6-8E8A-434707714787}.Debug|x64.ActiveCfg = Debug|Win32
		{5F8B86D6-9619-4DC6-8E8A-434707714787}.Debug|x86.ActiveCfg = Debug|Win32
		{5F8B86D6-9619-4DC6-8E8A-434707714787}.Debug|x86.Build.0 = Debug|Win32
		{5F8B86D6-9619-4DC6-8E8A-434707714787}.Release|Any CPU.ActiveCfg = Release|Win32
		{5F8B86D6-9619-4DC6-8E8A-434707714787}.Release|Mixed Platforms.ActiveCfg = Release|Win32
		{5F8B86D6-9619-4DC6-8E8A-434707714787}.Release|Mixed Platforms.Build.0 = Release|Win32
		{5F8B86D6-9619-4DC6-8E8A-434707714787}.Release|Win32.ActiveCfg = Release|Win32
		{5F8B86D6-9619-4DC6-8E8A-434707714787}.Release|Win32.Build.0 = Release|Win32
		{5F8B86D6-9619-4DC6-8E8A-434707714787}.Release|x64.ActiveCfg = Release|Win32
		{5F8B86D6-9619-4DC6-8E8A-434707714787}.Release|x86.ActiveCfg = Release|Win32
		{5F8B86D6-9619-4DC6-8E8A-434707714787}.Release|x86.Build.0 = Release|Win32
		{D00B511D-958E-4138-B2C6-F295D51FAA7A}.Debug|Any CPU.ActiveCfg = Debug|Win32
		{D00B511D-958E-4138-B2C6-F295D51FAA7A}.Debug|Mixed Platforms.ActiveCfg = Debug|Win32
		{D00B511D-958E-4138-B2C6-F295D51FAA7A}.Debug|Mixed Platforms.Build.0 = Debug|Win32
		{D00B511D-958E-4138-B2C6-F295D51FAA7A}.Debug|Win32.ActiveCfg = Debug|Win32
		{D00B511D-958E-4138-B2C6-F295D51FAA7A}.Debug|Win32.Build.0 = Debug|Win32
		{D00B511D-958E-4138-B2C6-F295D51FAA7A}.Debug|x64.ActiveCfg = Debug|Win32
		{D00B511D-958E-4138-B2C6-F295D51FAA7A}.Debug|x86.ActiveCfg = Debug|Win32
		{D00B511D-958E-4138-B2C6-F295D51FAA7A}.Debug|x86.Build.0 = Debug|Win32
		{D00B511D-958E-4138-B2C6-F295D51FAA7A}.Release|Any CPU.ActiveCfg = Release|Win32
		{D00B511D-958E-4138-B2C6-F295D51FAA7A}.Release|Mixed Platforms.ActiveCfg = Release|Win32
		{D00B511D-958E-4138-B2C6-F295D51FAA7A}.Release|Mixed Platforms.Build.0 = Release|Win32
		{D00B511D-958E-4138-B2C6-F295D51FAA7A}.Release|Win32.ActiveCfg = Release|Win32
		{D00B511D-958E-4138-B2C6-F295D51FAA7A}.Release|Win32.Build.0 = Release|Win32
		{D00B511D-958E-4138-B2C6-F295D51FAA7A}.Release|x64.ActiveCfg = Release|Win32
		{D00B511D-958E-4138-B2C6-F295D51FAA7A}.Release|x86.ActiveCfg = Release|Win32
		{D00B511D-958E-4138-B2C6-F295D51FAA7A}.Release|x86.Build.0 = Release|Win32
		{AB4D6E44-CD34-43D5-94D8-98E79F5E6D97}.Debug|Any CPU.ActiveCfg = Debug|Win32
		{AB4D6E44-CD34-43D5-94D8-98E79F5E6D97}.Debug|Mixed Platforms.ActiveCfg = Debug|Win32
		{AB4D6E44-CD34-43D5-94D8-98E79F5E6D97}.Debug|Mixed Platforms.Build.0 = Debug|Win32
		{AB4D6E44-CD34-43D5-94D8-98E79F5E6D97}.Debug|Win32.ActiveCfg = Debug|Win32
		{AB4D6E44-CD34-43D5-94D8-98E79F5E6D97}.Debug|Win32.Build.0 = Debug|Win32
		{AB4D6E44-CD34-43D5-94D8-98E79F5E6D97}.Debug|x64.ActiveCfg = Debug|Win32
		{AB4D6E44-CD34-43D5-94D8-98E79F5E6D97}.Debug|x86.ActiveCfg = Debug|Win32
		{AB4D6E44-CD34-43D5-94D8-98E79F5E6D97}.Debug|x86.Build.0 = Debug|Win32
		{AB4D6E44-CD34-43D5-94D8-98E79F5E6D97}.Release|Any CPU.ActiveCfg = Release|Win32
		{AB4D6E44-CD34-43D5-94D8-98E79F5E6D97}.Release|Mixed Platforms.ActiveCfg = Release|Win32
		{AB4D6E44-CD34-43D5-94D8-98E79F5E6D97}.Release|Mixed Platforms.Build.0 = Release|Win32
		{AB4D6E44-CD34-43D5-94D8-98E79F5E6D97}.Release|Win32.ActiveCfg = Release|Win32
		{AB4D6E44-CD34-43D5-94D8-98E79F5E6D97}.Release|Win32.Build.0 = Release|Win32
		{AB4D6E44-CD34-43D5-94D8-98E79F5E6D97}.Release|x64.ActiveCfg = Release|Win32
		{AB4D6E44-CD34-43D5-94D8-98E79F5E6D97}.Release|x86.ActiveCfg = Release|Win32
		{AB4D6E44-CD34-43D5-94D8-98E79F5E6D97}.Release|x86.Build.0 = Release|Win32
	EndGlobalSection
	GlobalSection(SolutionProperties) = preSolution
		HideSolutionNode = FALSE
	EndGlobalSection
EndGlobal
