
Microsoft Visual Studio Solution File, Format Version 12.00
# Visual Studio 14
VisualStudioVersion = 14.0.24720.0
MinimumVisualStudioVersion = 10.0.40219.1
Project("{8BC9CEB8-8B4A-11D0-8D11-00A0C91BC942}") = "Lesson09", "Lesson09\Lesson09.vcxproj", "{56D0EE86-18B1-4E5B-9755-FE6C3F4C6A35}"
EndProject
Project("{8BC9CEB8-8B4A-11D0-8D11-00A0C91BC942}") = "01.ListBox", "01.ListBox\01.ListBox.vcxproj", "{B8A72FFD-1F61-487B-8CA5-1DE51A2C2DBA}"
EndProject
Project("{8BC9CEB8-8B4A-11D0-8D11-00A0C91BC942}") = "02.ComboBox", "02.ComboBox\02.ComboBox.vcxproj", "{C70E6211-E802-4870-8AD6-61CA8BA35E13}"
EndProject
Project("{8BC9CEB8-8B4A-11D0-8D11-00A0C91BC942}") = "03.Drawing", "03.Drawing\03.Drawing.vcxproj", "{B5EE970A-A6CA-45DC-9D22-4665DBDB2852}"
EndProject
Global
	GlobalSection(SolutionConfigurationPlatforms) = preSolution
		Debug|x64 = Debug|x64
		Debug|x86 = Debug|x86
		Release|x64 = Release|x64
		Release|x86 = Release|x86
	EndGlobalSection
	GlobalSection(ProjectConfigurationPlatforms) = postSolution
		{56D0EE86-18B1-4E5B-9755-FE6C3F4C6A35}.Debug|x64.ActiveCfg = Debug|x64
		{56D0EE86-18B1-4E5B-9755-FE6C3F4C6A35}.Debug|x64.Build.0 = Debug|x64
		{56D0EE86-18B1-4E5B-9755-FE6C3F4C6A35}.Debug|x86.ActiveCfg = Debug|Win32
		{56D0EE86-18B1-4E5B-9755-FE6C3F4C6A35}.Debug|x86.Build.0 = Debug|Win32
		{56D0EE86-18B1-4E5B-9755-FE6C3F4C6A35}.Release|x64.ActiveCfg = Release|x64
		{56D0EE86-18B1-4E5B-9755-FE6C3F4C6A35}.Release|x64.Build.0 = Release|x64
		{56D0EE86-18B1-4E5B-9755-FE6C3F4C6A35}.Release|x86.ActiveCfg = Release|Win32
		{56D0EE86-18B1-4E5B-9755-FE6C3F4C6A35}.Release|x86.Build.0 = Release|Win32
		{B8A72FFD-1F61-487B-8CA5-1DE51A2C2DBA}.Debug|x64.ActiveCfg = Debug|x64
		{B8A72FFD-1F61-487B-8CA5-1DE51A2C2DBA}.Debug|x64.Build.0 = Debug|x64
		{B8A72FFD-1F61-487B-8CA5-1DE51A2C2DBA}.Debug|x86.ActiveCfg = Debug|Win32
		{B8A72FFD-1F61-487B-8CA5-1DE51A2C2DBA}.Debug|x86.Build.0 = Debug|Win32
		{B8A72FFD-1F61-487B-8CA5-1DE51A2C2DBA}.Release|x64.ActiveCfg = Release|x64
		{B8A72FFD-1F61-487B-8CA5-1DE51A2C2DBA}.Release|x64.Build.0 = Release|x64
		{B8A72FFD-1F61-487B-8CA5-1DE51A2C2DBA}.Release|x86.ActiveCfg = Release|Win32
		{B8A72FFD-1F61-487B-8CA5-1DE51A2C2DBA}.Release|x86.Build.0 = Release|Win32
		{C70E6211-E802-4870-8AD6-61CA8BA35E13}.Debug|x64.ActiveCfg = Debug|x64
		{C70E6211-E802-4870-8AD6-61CA8BA35E13}.Debug|x64.Build.0 = Debug|x64
		{C70E6211-E802-4870-8AD6-61CA8BA35E13}.Debug|x86.ActiveCfg = Debug|Win32
		{C70E6211-E802-4870-8AD6-61CA8BA35E13}.Debug|x86.Build.0 = Debug|Win32
		{C70E6211-E802-4870-8AD6-61CA8BA35E13}.Release|x64.ActiveCfg = Release|x64
		{C70E6211-E802-4870-8AD6-61CA8BA35E13}.Release|x64.Build.0 = Release|x64
		{C70E6211-E802-4870-8AD6-61CA8BA35E13}.Release|x86.ActiveCfg = Release|Win32
		{C70E6211-E802-4870-8AD6-61CA8BA35E13}.Release|x86.Build.0 = Release|Win32
		{B5EE970A-A6CA-45DC-9D22-4665DBDB2852}.Debug|x64.ActiveCfg = Debug|x64
		{B5EE970A-A6CA-45DC-9D22-4665DBDB2852}.Debug|x64.Build.0 = Debug|x64
		{B5EE970A-A6CA-45DC-9D22-4665DBDB2852}.Debug|x86.ActiveCfg = Debug|Win32
		{B5EE970A-A6CA-45DC-9D22-4665DBDB2852}.Debug|x86.Build.0 = Debug|Win32
		{B5EE970A-A6CA-45DC-9D22-4665DBDB2852}.Release|x64.ActiveCfg = Release|x64
		{B5EE970A-A6CA-45DC-9D22-4665DBDB2852}.Release|x64.Build.0 = Release|x64
		{B5EE970A-A6CA-45DC-9D22-4665DBDB2852}.Release|x86.ActiveCfg = Release|Win32
		{B5EE970A-A6CA-45DC-9D22-4665DBDB2852}.Release|x86.Build.0 = Release|Win32
	EndGlobalSection
	GlobalSection(SolutionProperties) = preSolution
		HideSolutionNode = FALSE
	EndGlobalSection
EndGlobal
