
Microsoft Visual Studio Solution File, Format Version 10.00
# Visual Studio 2008
Project("{8BC9CEB8-8B4A-11D0-8D11-00A0C91BC942}") = "CodingThread", "CodingThread\CodingThread.vcproj", "{C0637342-809A-4089-A70E-C08016159DEE}"
EndProject
Global
	GlobalSection(SolutionConfigurationPlatforms) = preSolution
		Debug|Win32 = Debug|Win32
		Release|Win32 = Release|Win32
	EndGlobalSection
	GlobalSection(ProjectConfigurationPlatforms) = postSolution
		{C0637342-809A-4089-A70E-C08016159DEE}.Debug|Win32.ActiveCfg = Debug|Win32
		{C0637342-809A-4089-A70E-C08016159DEE}.Debug|Win32.Build.0 = Debug|Win32
		{C0637342-809A-4089-A70E-C08016159DEE}.Release|Win32.ActiveCfg = Release|Win32
		{C0637342-809A-4089-A70E-C08016159DEE}.Release|Win32.Build.0 = Release|Win32
	EndGlobalSection
	GlobalSection(SolutionProperties) = preSolution
		HideSolutionNode = FALSE
	EndGlobalSection
EndGlobal
