
Microsoft Visual Studio Solution File, Format Version 12.00
<<<<<<< HEAD
# Visual Studio 14
VisualStudioVersion = 14.0.24720.0
MinimumVisualStudioVersion = 10.0.40219.1
Project("{8BC9CEB8-8B4A-11D0-8D11-00A0C91BC942}") = "Lesson10", "Lesson10\Lesson10.vcxproj", "{C1C29D8D-1073-4302-9681-0955CC69BF34}"
EndProject
Global
	GlobalSection(SolutionConfigurationPlatforms) = preSolution
		Debug|x64 = Debug|x64
		Debug|x86 = Debug|x86
=======
# Visual Studio 2013
VisualStudioVersion = 12.0.31101.0
MinimumVisualStudioVersion = 10.0.40219.1
Project("{8BC9CEB8-8B4A-11D0-8D11-00A0C91BC942}") = "Lesson10", "Lesson10\Lesson10.vcxproj", "{C1C29D8D-1073-4302-9681-0955CC69BF34}"
EndProject
Project("{8BC9CEB8-8B4A-11D0-8D11-00A0C91BC942}") = "01.MessageCrackers", "01.MessageCrackers\01.MessageCrackers.vcxproj", "{F05FC387-2EC3-46EE-B285-B8CE71BA2C02}"
EndProject
Project("{8BC9CEB8-8B4A-11D0-8D11-00A0C91BC942}") = "02.ProgressBar", "02.ProgressBar\02.ProgressBar.vcxproj", "{32B48174-1E30-4D39-8433-FE59F02AB5AD}"
EndProject
Global
	GlobalSection(SolutionConfigurationPlatforms) = preSolution
		Debug|Mixed Platforms = Debug|Mixed Platforms
		Debug|Win32 = Debug|Win32
		Debug|x64 = Debug|x64
		Debug|x86 = Debug|x86
		Release|Mixed Platforms = Release|Mixed Platforms
		Release|Win32 = Release|Win32
>>>>>>> refs/remotes/origin/template
		Release|x64 = Release|x64
		Release|x86 = Release|x86
	EndGlobalSection
	GlobalSection(ProjectConfigurationPlatforms) = postSolution
<<<<<<< HEAD
=======
		{C1C29D8D-1073-4302-9681-0955CC69BF34}.Debug|Mixed Platforms.ActiveCfg = Debug|Win32
		{C1C29D8D-1073-4302-9681-0955CC69BF34}.Debug|Mixed Platforms.Build.0 = Debug|Win32
		{C1C29D8D-1073-4302-9681-0955CC69BF34}.Debug|Win32.ActiveCfg = Debug|Win32
		{C1C29D8D-1073-4302-9681-0955CC69BF34}.Debug|Win32.Build.0 = Debug|Win32
>>>>>>> refs/remotes/origin/template
		{C1C29D8D-1073-4302-9681-0955CC69BF34}.Debug|x64.ActiveCfg = Debug|x64
		{C1C29D8D-1073-4302-9681-0955CC69BF34}.Debug|x64.Build.0 = Debug|x64
		{C1C29D8D-1073-4302-9681-0955CC69BF34}.Debug|x86.ActiveCfg = Debug|Win32
		{C1C29D8D-1073-4302-9681-0955CC69BF34}.Debug|x86.Build.0 = Debug|Win32
<<<<<<< HEAD
=======
		{C1C29D8D-1073-4302-9681-0955CC69BF34}.Release|Mixed Platforms.ActiveCfg = Release|Win32
		{C1C29D8D-1073-4302-9681-0955CC69BF34}.Release|Mixed Platforms.Build.0 = Release|Win32
		{C1C29D8D-1073-4302-9681-0955CC69BF34}.Release|Win32.ActiveCfg = Release|Win32
		{C1C29D8D-1073-4302-9681-0955CC69BF34}.Release|Win32.Build.0 = Release|Win32
>>>>>>> refs/remotes/origin/template
		{C1C29D8D-1073-4302-9681-0955CC69BF34}.Release|x64.ActiveCfg = Release|x64
		{C1C29D8D-1073-4302-9681-0955CC69BF34}.Release|x64.Build.0 = Release|x64
		{C1C29D8D-1073-4302-9681-0955CC69BF34}.Release|x86.ActiveCfg = Release|Win32
		{C1C29D8D-1073-4302-9681-0955CC69BF34}.Release|x86.Build.0 = Release|Win32
<<<<<<< HEAD
=======
		{F05FC387-2EC3-46EE-B285-B8CE71BA2C02}.Debug|Mixed Platforms.ActiveCfg = Debug|Win32
		{F05FC387-2EC3-46EE-B285-B8CE71BA2C02}.Debug|Mixed Platforms.Build.0 = Debug|Win32
		{F05FC387-2EC3-46EE-B285-B8CE71BA2C02}.Debug|Win32.ActiveCfg = Debug|Win32
		{F05FC387-2EC3-46EE-B285-B8CE71BA2C02}.Debug|Win32.Build.0 = Debug|Win32
		{F05FC387-2EC3-46EE-B285-B8CE71BA2C02}.Debug|x64.ActiveCfg = Debug|Win32
		{F05FC387-2EC3-46EE-B285-B8CE71BA2C02}.Debug|x86.ActiveCfg = Debug|Win32
		{F05FC387-2EC3-46EE-B285-B8CE71BA2C02}.Debug|x86.Build.0 = Debug|Win32
		{F05FC387-2EC3-46EE-B285-B8CE71BA2C02}.Release|Mixed Platforms.ActiveCfg = Release|Win32
		{F05FC387-2EC3-46EE-B285-B8CE71BA2C02}.Release|Mixed Platforms.Build.0 = Release|Win32
		{F05FC387-2EC3-46EE-B285-B8CE71BA2C02}.Release|Win32.ActiveCfg = Release|Win32
		{F05FC387-2EC3-46EE-B285-B8CE71BA2C02}.Release|Win32.Build.0 = Release|Win32
		{F05FC387-2EC3-46EE-B285-B8CE71BA2C02}.Release|x64.ActiveCfg = Release|Win32
		{F05FC387-2EC3-46EE-B285-B8CE71BA2C02}.Release|x86.ActiveCfg = Release|Win32
		{F05FC387-2EC3-46EE-B285-B8CE71BA2C02}.Release|x86.Build.0 = Release|Win32
		{32B48174-1E30-4D39-8433-FE59F02AB5AD}.Debug|Mixed Platforms.ActiveCfg = Debug|Win32
		{32B48174-1E30-4D39-8433-FE59F02AB5AD}.Debug|Mixed Platforms.Build.0 = Debug|Win32
		{32B48174-1E30-4D39-8433-FE59F02AB5AD}.Debug|Win32.ActiveCfg = Debug|Win32
		{32B48174-1E30-4D39-8433-FE59F02AB5AD}.Debug|Win32.Build.0 = Debug|Win32
		{32B48174-1E30-4D39-8433-FE59F02AB5AD}.Debug|x64.ActiveCfg = Debug|Win32
		{32B48174-1E30-4D39-8433-FE59F02AB5AD}.Debug|x86.ActiveCfg = Debug|Win32
		{32B48174-1E30-4D39-8433-FE59F02AB5AD}.Debug|x86.Build.0 = Debug|Win32
		{32B48174-1E30-4D39-8433-FE59F02AB5AD}.Release|Mixed Platforms.ActiveCfg = Release|Win32
		{32B48174-1E30-4D39-8433-FE59F02AB5AD}.Release|Mixed Platforms.Build.0 = Release|Win32
		{32B48174-1E30-4D39-8433-FE59F02AB5AD}.Release|Win32.ActiveCfg = Release|Win32
		{32B48174-1E30-4D39-8433-FE59F02AB5AD}.Release|Win32.Build.0 = Release|Win32
		{32B48174-1E30-4D39-8433-FE59F02AB5AD}.Release|x64.ActiveCfg = Release|Win32
		{32B48174-1E30-4D39-8433-FE59F02AB5AD}.Release|x86.ActiveCfg = Release|Win32
		{32B48174-1E30-4D39-8433-FE59F02AB5AD}.Release|x86.Build.0 = Release|Win32
>>>>>>> refs/remotes/origin/template
	EndGlobalSection
	GlobalSection(SolutionProperties) = preSolution
		HideSolutionNode = FALSE
	EndGlobalSection
EndGlobal
